// !$*UTF8*$!
{
	archiveVersion = 1;
	classes = {
	};
	objectVersion = 46;
	objects = {

/* Begin PBXBuildFile section */
		0F111E1B1CD6351500CF5F1C /* asset_bar.png in Resources */ = {isa = PBXBuildFile; fileRef = 0F111E1A1CD6351500CF5F1C /* asset_bar.png */; };
		0F111E1D1CD6365200CF5F1C /* liabilities_bar.png in Resources */ = {isa = PBXBuildFile; fileRef = 0F111E1C1CD6365200CF5F1C /* liabilities_bar.png */; };
		0F111E1F1CD63DE500CF5F1C /* bs_background.jpg in Resources */ = {isa = PBXBuildFile; fileRef = 0F111E1E1CD63DE500CF5F1C /* bs_background.jpg */; };
		0F111E221CD63E5D00CF5F1C /* asset_underline.png in Resources */ = {isa = PBXBuildFile; fileRef = 0F111E201CD63E5D00CF5F1C /* asset_underline.png */; };
		0F111E231CD63E5D00CF5F1C /* liabilities_underline.png in Resources */ = {isa = PBXBuildFile; fileRef = 0F111E211CD63E5D00CF5F1C /* liabilities_underline.png */; };
		0F15DF191D04173F00E73233 /* close_icon.png in Resources */ = {isa = PBXBuildFile; fileRef = 0F15DF181D04173F00E73233 /* close_icon.png */; };
		0F17BDB61CE9F20D007A199D /* LiabilityKeyboardView.swift in Sources */ = {isa = PBXBuildFile; fileRef = 0F17BDB51CE9F20D007A199D /* LiabilityKeyboardView.swift */; };
		0F6E60FC1CE87CE600C2E0B0 /* AssetKeyboardView.swift in Sources */ = {isa = PBXBuildFile; fileRef = 0F6E60FB1CE87CE600C2E0B0 /* AssetKeyboardView.swift */; };
		0F8F04281CE20A4A005A817E /* AssetKeyboardView.xib in Resources */ = {isa = PBXBuildFile; fileRef = 0F8F04271CE20A4A005A817E /* AssetKeyboardView.xib */; };
		0F8F042A1CE20A8D005A817E /* LiabilityKeyboardView.xib in Resources */ = {isa = PBXBuildFile; fileRef = 0F8F04291CE20A8D005A817E /* LiabilityKeyboardView.xib */; };
		0F9644A11CC64C43004B4768 /* AppDelegate.swift in Sources */ = {isa = PBXBuildFile; fileRef = 0F9644A01CC64C43004B4768 /* AppDelegate.swift */; };
		0F9644A31CC64C43004B4768 /* ViewController.swift in Sources */ = {isa = PBXBuildFile; fileRef = 0F9644A21CC64C43004B4768 /* ViewController.swift */; };
		0F9644A61CC64C43004B4768 /* Main.storyboard in Resources */ = {isa = PBXBuildFile; fileRef = 0F9644A41CC64C43004B4768 /* Main.storyboard */; };
		0F9644A91CC64C43004B4768 /* whooing_ios_app.xcdatamodeld in Sources */ = {isa = PBXBuildFile; fileRef = 0F9644A71CC64C43004B4768 /* whooing_ios_app.xcdatamodeld */; };
		0F9644AB1CC64C43004B4768 /* Assets.xcassets in Resources */ = {isa = PBXBuildFile; fileRef = 0F9644AA1CC64C43004B4768 /* Assets.xcassets */; };
		0F9644AE1CC64C43004B4768 /* LaunchScreen.storyboard in Resources */ = {isa = PBXBuildFile; fileRef = 0F9644AC1CC64C43004B4768 /* LaunchScreen.storyboard */; };
		0F9644B71CC64DE8004B4768 /* whooing_icon.png in Resources */ = {isa = PBXBuildFile; fileRef = 0F9644B61CC64DE8004B4768 /* whooing_icon.png */; };
		0F9644B91CC64FF5004B4768 /* loading_cat.gif in Resources */ = {isa = PBXBuildFile; fileRef = 0F9644B81CC64FF5004B4768 /* loading_cat.gif */; };
		0F9644BB1CC65960004B4768 /* initVC.swift in Sources */ = {isa = PBXBuildFile; fileRef = 0F9644BA1CC65960004B4768 /* initVC.swift */; };
		0F9644BD1CC65967004B4768 /* webAuthVC.swift in Sources */ = {isa = PBXBuildFile; fileRef = 0F9644BC1CC65967004B4768 /* webAuthVC.swift */; };
		0F9644BF1CC9246C004B4768 /* HTTPReqUtil.swift in Sources */ = {isa = PBXBuildFile; fileRef = 0F9644BE1CC9246C004B4768 /* HTTPReqUtil.swift */; };
		0F9644C31CCBDB2F004B4768 /* EntryVO.swift in Sources */ = {isa = PBXBuildFile; fileRef = 0F9644C21CCBDB2F004B4768 /* EntryVO.swift */; };
		0F9644C51CCCA695004B4768 /* loadingVC.swift in Sources */ = {isa = PBXBuildFile; fileRef = 0F9644C41CCCA695004B4768 /* loadingVC.swift */; };
		0F9644C91CCE3B61004B4768 /* SWRevealViewController.m in Sources */ = {isa = PBXBuildFile; fileRef = 0F9644C81CCE3B61004B4768 /* SWRevealViewController.m */; };
		0F9644CB1CCE3D35004B4768 /* mainVC.swift in Sources */ = {isa = PBXBuildFile; fileRef = 0F9644CA1CCE3D35004B4768 /* mainVC.swift */; };
		0F9644CD1CCE5EEA004B4768 /* MenuVC.swift in Sources */ = {isa = PBXBuildFile; fileRef = 0F9644CC1CCE5EEA004B4768 /* MenuVC.swift */; };
		0F9644D11CD10CBA004B4768 /* entryTableViewCell.swift in Sources */ = {isa = PBXBuildFile; fileRef = 0F9644D01CD10CBA004B4768 /* entryTableViewCell.swift */; };
		0FE4A83D1CDB4EC100094E29 /* plus_button.png in Resources */ = {isa = PBXBuildFile; fileRef = 0FE4A83C1CDB4EC100094E29 /* plus_button.png */; };
		0FE4A83F1CDB56D200094E29 /* insertVC.swift in Sources */ = {isa = PBXBuildFile; fileRef = 0FE4A83E1CDB56D200094E29 /* insertVC.swift */; };
		0FE4A8471CDB646B00094E29 /* budget_icon.png in Resources */ = {isa = PBXBuildFile; fileRef = 0FE4A8421CDB646B00094E29 /* budget_icon.png */; };
		0FE4A8481CDB646B00094E29 /* date_icon.png in Resources */ = {isa = PBXBuildFile; fileRef = 0FE4A8431CDB646B00094E29 /* date_icon.png */; };
		0FE4A8491CDB646B00094E29 /* item_icon.png in Resources */ = {isa = PBXBuildFile; fileRef = 0FE4A8441CDB646B00094E29 /* item_icon.png */; };
		0FE4A84A1CDB646B00094E29 /* left_icon.png in Resources */ = {isa = PBXBuildFile; fileRef = 0FE4A8451CDB646B00094E29 /* left_icon.png */; };
		0FE4A84B1CDB646B00094E29 /* right_icon.png in Resources */ = {isa = PBXBuildFile; fileRef = 0FE4A8461CDB646B00094E29 /* right_icon.png */; };
/* End PBXBuildFile section */

/* Begin PBXCopyFilesBuildPhase section */
		0F8F041C1CE0DE30005A817E /* Embed App Extensions */ = {
			isa = PBXCopyFilesBuildPhase;
			buildActionMask = 2147483647;
			dstPath = "";
			dstSubfolderSpec = 13;
			files = (
			);
			name = "Embed App Extensions";
			runOnlyForDeploymentPostprocessing = 0;
		};
/* End PBXCopyFilesBuildPhase section */

/* Begin PBXFileReference section */
		0F111E1A1CD6351500CF5F1C /* asset_bar.png */ = {isa = PBXFileReference; lastKnownFileType = image.png; path = asset_bar.png; sourceTree = "<group>"; };
		0F111E1C1CD6365200CF5F1C /* liabilities_bar.png */ = {isa = PBXFileReference; lastKnownFileType = image.png; path = liabilities_bar.png; sourceTree = "<group>"; };
		0F111E1E1CD63DE500CF5F1C /* bs_background.jpg */ = {isa = PBXFileReference; lastKnownFileType = image.jpeg; path = bs_background.jpg; sourceTree = "<group>"; };
		0F111E201CD63E5D00CF5F1C /* asset_underline.png */ = {isa = PBXFileReference; lastKnownFileType = image.png; path = asset_underline.png; sourceTree = "<group>"; };
		0F111E211CD63E5D00CF5F1C /* liabilities_underline.png */ = {isa = PBXFileReference; lastKnownFileType = image.png; path = liabilities_underline.png; sourceTree = "<group>"; };
		0F15DF181D04173F00E73233 /* close_icon.png */ = {isa = PBXFileReference; lastKnownFileType = image.png; path = close_icon.png; sourceTree = "<group>"; };
		0F17BDB51CE9F20D007A199D /* LiabilityKeyboardView.swift */ = {isa = PBXFileReference; fileEncoding = 4; lastKnownFileType = sourcecode.swift; path = LiabilityKeyboardView.swift; sourceTree = "<group>"; };
		0F6E60FB1CE87CE600C2E0B0 /* AssetKeyboardView.swift */ = {isa = PBXFileReference; fileEncoding = 4; lastKnownFileType = sourcecode.swift; path = AssetKeyboardView.swift; sourceTree = "<group>"; };
		0F8F04271CE20A4A005A817E /* AssetKeyboardView.xib */ = {isa = PBXFileReference; fileEncoding = 4; lastKnownFileType = file.xib; path = AssetKeyboardView.xib; sourceTree = "<group>"; };
		0F8F04291CE20A8D005A817E /* LiabilityKeyboardView.xib */ = {isa = PBXFileReference; fileEncoding = 4; lastKnownFileType = file.xib; path = LiabilityKeyboardView.xib; sourceTree = "<group>"; };
		0F96449D1CC64C43004B4768 /* whooing_ios_app.app */ = {isa = PBXFileReference; explicitFileType = wrapper.application; includeInIndex = 0; path = whooing_ios_app.app; sourceTree = BUILT_PRODUCTS_DIR; };
		0F9644A01CC64C43004B4768 /* AppDelegate.swift */ = {isa = PBXFileReference; lastKnownFileType = sourcecode.swift; path = AppDelegate.swift; sourceTree = "<group>"; };
		0F9644A21CC64C43004B4768 /* ViewController.swift */ = {isa = PBXFileReference; lastKnownFileType = sourcecode.swift; path = ViewController.swift; sourceTree = "<group>"; };
		0F9644A51CC64C43004B4768 /* Base */ = {isa = PBXFileReference; lastKnownFileType = file.storyboard; name = Base; path = Base.lproj/Main.storyboard; sourceTree = "<group>"; };
		0F9644A81CC64C43004B4768 /* whooing_ios_app.xcdatamodel */ = {isa = PBXFileReference; lastKnownFileType = wrapper.xcdatamodel; path = whooing_ios_app.xcdatamodel; sourceTree = "<group>"; };
		0F9644AA1CC64C43004B4768 /* Assets.xcassets */ = {isa = PBXFileReference; lastKnownFileType = folder.assetcatalog; path = Assets.xcassets; sourceTree = "<group>"; };
		0F9644AD1CC64C43004B4768 /* Base */ = {isa = PBXFileReference; lastKnownFileType = file.storyboard; name = Base; path = Base.lproj/LaunchScreen.storyboard; sourceTree = "<group>"; };
		0F9644AF1CC64C43004B4768 /* Info.plist */ = {isa = PBXFileReference; lastKnownFileType = text.plist.xml; path = Info.plist; sourceTree = "<group>"; };
		0F9644B61CC64DE8004B4768 /* whooing_icon.png */ = {isa = PBXFileReference; lastKnownFileType = image.png; path = whooing_icon.png; sourceTree = "<group>"; };
		0F9644B81CC64FF5004B4768 /* loading_cat.gif */ = {isa = PBXFileReference; lastKnownFileType = image.gif; path = loading_cat.gif; sourceTree = "<group>"; };
		0F9644BA1CC65960004B4768 /* initVC.swift */ = {isa = PBXFileReference; fileEncoding = 4; lastKnownFileType = sourcecode.swift; path = initVC.swift; sourceTree = "<group>"; };
		0F9644BC1CC65967004B4768 /* webAuthVC.swift */ = {isa = PBXFileReference; fileEncoding = 4; lastKnownFileType = sourcecode.swift; path = webAuthVC.swift; sourceTree = "<group>"; };
		0F9644BE1CC9246C004B4768 /* HTTPReqUtil.swift */ = {isa = PBXFileReference; fileEncoding = 4; lastKnownFileType = sourcecode.swift; path = HTTPReqUtil.swift; sourceTree = "<group>"; };
		0F9644C11CCBD033004B4768 /* Whooing-Bridging-Header.h */ = {isa = PBXFileReference; lastKnownFileType = sourcecode.c.h; name = "Whooing-Bridging-Header.h"; path = "../Whooing-Bridging-Header.h"; sourceTree = "<group>"; };
		0F9644C21CCBDB2F004B4768 /* EntryVO.swift */ = {isa = PBXFileReference; fileEncoding = 4; lastKnownFileType = sourcecode.swift; path = EntryVO.swift; sourceTree = "<group>"; };
		0F9644C41CCCA695004B4768 /* loadingVC.swift */ = {isa = PBXFileReference; fileEncoding = 4; lastKnownFileType = sourcecode.swift; path = loadingVC.swift; sourceTree = "<group>"; };
		0F9644C71CCE3B61004B4768 /* SWRevealViewController.h */ = {isa = PBXFileReference; fileEncoding = 4; lastKnownFileType = sourcecode.c.h; path = SWRevealViewController.h; sourceTree = "<group>"; };
		0F9644C81CCE3B61004B4768 /* SWRevealViewController.m */ = {isa = PBXFileReference; fileEncoding = 4; lastKnownFileType = sourcecode.c.objc; path = SWRevealViewController.m; sourceTree = "<group>"; };
		0F9644CA1CCE3D35004B4768 /* mainVC.swift */ = {isa = PBXFileReference; fileEncoding = 4; lastKnownFileType = sourcecode.swift; path = mainVC.swift; sourceTree = "<group>"; };
		0F9644CC1CCE5EEA004B4768 /* MenuVC.swift */ = {isa = PBXFileReference; fileEncoding = 4; lastKnownFileType = sourcecode.swift; path = MenuVC.swift; sourceTree = "<group>"; };
		0F9644D01CD10CBA004B4768 /* entryTableViewCell.swift */ = {isa = PBXFileReference; fileEncoding = 4; lastKnownFileType = sourcecode.swift; path = entryTableViewCell.swift; sourceTree = "<group>"; };
		0FE4A83C1CDB4EC100094E29 /* plus_button.png */ = {isa = PBXFileReference; lastKnownFileType = image.png; path = plus_button.png; sourceTree = "<group>"; };
		0FE4A83E1CDB56D200094E29 /* insertVC.swift */ = {isa = PBXFileReference; fileEncoding = 4; lastKnownFileType = sourcecode.swift; path = insertVC.swift; sourceTree = "<group>"; };
		0FE4A8421CDB646B00094E29 /* budget_icon.png */ = {isa = PBXFileReference; lastKnownFileType = image.png; path = budget_icon.png; sourceTree = "<group>"; };
		0FE4A8431CDB646B00094E29 /* date_icon.png */ = {isa = PBXFileReference; lastKnownFileType = image.png; path = date_icon.png; sourceTree = "<group>"; };
		0FE4A8441CDB646B00094E29 /* item_icon.png */ = {isa = PBXFileReference; lastKnownFileType = image.png; path = item_icon.png; sourceTree = "<group>"; };
		0FE4A8451CDB646B00094E29 /* left_icon.png */ = {isa = PBXFileReference; lastKnownFileType = image.png; path = left_icon.png; sourceTree = "<group>"; };
		0FE4A8461CDB646B00094E29 /* right_icon.png */ = {isa = PBXFileReference; lastKnownFileType = image.png; path = right_icon.png; sourceTree = "<group>"; };
/* End PBXFileReference section */

/* Begin PBXFrameworksBuildPhase section */
		0F96449A1CC64C43004B4768 /* Frameworks */ = {
			isa = PBXFrameworksBuildPhase;
			buildActionMask = 2147483647;
			files = (
			);
			runOnlyForDeploymentPostprocessing = 0;
		};
/* End PBXFrameworksBuildPhase section */

/* Begin PBXGroup section */
		0F8F04261CE20A2B005A817E /* keyboard */ = {
			isa = PBXGroup;
			children = (
				0F8F04271CE20A4A005A817E /* AssetKeyboardView.xib */,
				0F8F04291CE20A8D005A817E /* LiabilityKeyboardView.xib */,
				0F6E60FB1CE87CE600C2E0B0 /* AssetKeyboardView.swift */,
				0F17BDB51CE9F20D007A199D /* LiabilityKeyboardView.swift */,
			);
			name = keyboard;
			sourceTree = "<group>";
		};
		0F9644941CC64C43004B4768 = {
			isa = PBXGroup;
			children = (
				0F96449F1CC64C43004B4768 /* whooing_ios_app */,
				0F96449E1CC64C43004B4768 /* Products */,
			);
			sourceTree = "<group>";
		};
		0F96449E1CC64C43004B4768 /* Products */ = {
			isa = PBXGroup;
			children = (
				0F96449D1CC64C43004B4768 /* whooing_ios_app.app */,
			);
			name = Products;
			sourceTree = "<group>";
		};
		0F96449F1CC64C43004B4768 /* whooing_ios_app */ = {
			isa = PBXGroup;
			children = (
				0F8F04261CE20A2B005A817E /* keyboard */,
				0F9644C61CCE3B37004B4768 /* Supporing Files */,
				0F9644B51CC64DCB004B4768 /* img */,
				0F9644A01CC64C43004B4768 /* AppDelegate.swift */,
				0F9644A21CC64C43004B4768 /* ViewController.swift */,
				0F9644A41CC64C43004B4768 /* Main.storyboard */,
				0FE4A83E1CDB56D200094E29 /* insertVC.swift */,
				0F9644D01CD10CBA004B4768 /* entryTableViewCell.swift */,
				0F9644CC1CCE5EEA004B4768 /* MenuVC.swift */,
				0F9644CA1CCE3D35004B4768 /* mainVC.swift */,
				0F9644BA1CC65960004B4768 /* initVC.swift */,
				0F9644C41CCCA695004B4768 /* loadingVC.swift */,
				0F9644BC1CC65967004B4768 /* webAuthVC.swift */,
				0F9644BE1CC9246C004B4768 /* HTTPReqUtil.swift */,
				0F9644AA1CC64C43004B4768 /* Assets.xcassets */,
				0F9644AC1CC64C43004B4768 /* LaunchScreen.storyboard */,
				0F9644A71CC64C43004B4768 /* whooing_ios_app.xcdatamodeld */,
				0F9644C21CCBDB2F004B4768 /* EntryVO.swift */,
			);
			path = whooing_ios_app;
			sourceTree = "<group>";
		};
		0F9644B51CC64DCB004B4768 /* img */ = {
			isa = PBXGroup;
			children = (
				0FE4A8421CDB646B00094E29 /* budget_icon.png */,
				0FE4A8431CDB646B00094E29 /* date_icon.png */,
				0FE4A8441CDB646B00094E29 /* item_icon.png */,
				0FE4A8451CDB646B00094E29 /* left_icon.png */,
				0FE4A8461CDB646B00094E29 /* right_icon.png */,
				0FE4A83C1CDB4EC100094E29 /* plus_button.png */,
				0F15DF181D04173F00E73233 /* close_icon.png */,
				0F111E201CD63E5D00CF5F1C /* asset_underline.png */,
				0F111E211CD63E5D00CF5F1C /* liabilities_underline.png */,
				0F111E1E1CD63DE500CF5F1C /* bs_background.jpg */,
				0F111E1A1CD6351500CF5F1C /* asset_bar.png */,
				0F111E1C1CD6365200CF5F1C /* liabilities_bar.png */,
				0F9644B61CC64DE8004B4768 /* whooing_icon.png */,
				0F9644B81CC64FF5004B4768 /* loading_cat.gif */,
			);
			name = img;
			sourceTree = "<group>";
		};
		0F9644C61CCE3B37004B4768 /* Supporing Files */ = {
			isa = PBXGroup;
			children = (
				0F9644C11CCBD033004B4768 /* Whooing-Bridging-Header.h */,
				0F9644C71CCE3B61004B4768 /* SWRevealViewController.h */,
				0F9644C81CCE3B61004B4768 /* SWRevealViewController.m */,
				0F9644AF1CC64C43004B4768 /* Info.plist */,
			);
			name = "Supporing Files";
			sourceTree = "<group>";
		};
/* End PBXGroup section */

/* Begin PBXNativeTarget section */
		0F96449C1CC64C43004B4768 /* whooing_ios_app */ = {
			isa = PBXNativeTarget;
			buildConfigurationList = 0F9644B21CC64C44004B4768 /* Build configuration list for PBXNativeTarget "whooing_ios_app" */;
			buildPhases = (
				0F9644991CC64C43004B4768 /* Sources */,
				0F96449A1CC64C43004B4768 /* Frameworks */,
				0F96449B1CC64C43004B4768 /* Resources */,
				0F8F041C1CE0DE30005A817E /* Embed App Extensions */,
			);
			buildRules = (
			);
			dependencies = (
			);
			name = whooing_ios_app;
			productName = whooing_ios_app;
			productReference = 0F96449D1CC64C43004B4768 /* whooing_ios_app.app */;
			productType = "com.apple.product-type.application";
		};
/* End PBXNativeTarget section */

/* Begin PBXProject section */
		0F9644951CC64C43004B4768 /* Project object */ = {
			isa = PBXProject;
			attributes = {
				LastSwiftUpdateCheck = 0730;
				LastUpgradeCheck = 0720;
				ORGANIZATIONNAME = "Kail Madigun";
				TargetAttributes = {
					0F96449C1CC64C43004B4768 = {
						CreatedOnToolsVersion = 7.2.1;
						DevelopmentTeam = 3C582XQ2HN;
					};
				};
			};
			buildConfigurationList = 0F9644981CC64C43004B4768 /* Build configuration list for PBXProject "whooing_ios_app" */;
			compatibilityVersion = "Xcode 3.2";
			developmentRegion = English;
			hasScannedForEncodings = 0;
			knownRegions = (
				en,
				Base,
			);
			mainGroup = 0F9644941CC64C43004B4768;
			productRefGroup = 0F96449E1CC64C43004B4768 /* Products */;
			projectDirPath = "";
			projectRoot = "";
			targets = (
				0F96449C1CC64C43004B4768 /* whooing_ios_app */,
			);
		};
/* End PBXProject section */

/* Begin PBXResourcesBuildPhase section */
		0F96449B1CC64C43004B4768 /* Resources */ = {
			isa = PBXResourcesBuildPhase;
			buildActionMask = 2147483647;
			files = (
				0F111E231CD63E5D00CF5F1C /* liabilities_underline.png in Resources */,
				0F8F042A1CE20A8D005A817E /* LiabilityKeyboardView.xib in Resources */,
				0F15DF191D04173F00E73233 /* close_icon.png in Resources */,
				0FE4A84A1CDB646B00094E29 /* left_icon.png in Resources */,
				0FE4A8481CDB646B00094E29 /* date_icon.png in Resources */,
				0F9644AE1CC64C43004B4768 /* LaunchScreen.storyboard in Resources */,
				0F111E221CD63E5D00CF5F1C /* asset_underline.png in Resources */,
				0F8F04281CE20A4A005A817E /* AssetKeyboardView.xib in Resources */,
				0F9644AB1CC64C43004B4768 /* Assets.xcassets in Resources */,
				0F9644B91CC64FF5004B4768 /* loading_cat.gif in Resources */,
				0FE4A84B1CDB646B00094E29 /* right_icon.png in Resources */,
				0F111E1B1CD6351500CF5F1C /* asset_bar.png in Resources */,
				0F111E1F1CD63DE500CF5F1C /* bs_background.jpg in Resources */,
				0F111E1D1CD6365200CF5F1C /* liabilities_bar.png in Resources */,
				0F9644B71CC64DE8004B4768 /* whooing_icon.png in Resources */,
				0FE4A8471CDB646B00094E29 /* budget_icon.png in Resources */,
				0FE4A8491CDB646B00094E29 /* item_icon.png in Resources */,
				0F9644A61CC64C43004B4768 /* Main.storyboard in Resources */,
				0FE4A83D1CDB4EC100094E29 /* plus_button.png in Resources */,
			);
			runOnlyForDeploymentPostprocessing = 0;
		};
/* End PBXResourcesBuildPhase section */

/* Begin PBXSourcesBuildPhase section */
		0F9644991CC64C43004B4768 /* Sources */ = {
			isa = PBXSourcesBuildPhase;
			buildActionMask = 2147483647;
			files = (
				0F17BDB61CE9F20D007A199D /* LiabilityKeyboardView.swift in Sources */,
				0F6E60FC1CE87CE600C2E0B0 /* AssetKeyboardView.swift in Sources */,
				0F9644BF1CC9246C004B4768 /* HTTPReqUtil.swift in Sources */,
				0FE4A83F1CDB56D200094E29 /* insertVC.swift in Sources */,
				0F9644C51CCCA695004B4768 /* loadingVC.swift in Sources */,
				0F9644BB1CC65960004B4768 /* initVC.swift in Sources */,
				0F9644A91CC64C43004B4768 /* whooing_ios_app.xcdatamodeld in Sources */,
				0F9644D11CD10CBA004B4768 /* entryTableViewCell.swift in Sources */,
				0F9644A31CC64C43004B4768 /* ViewController.swift in Sources */,
				0F9644C91CCE3B61004B4768 /* SWRevealViewController.m in Sources */,
				0F9644CD1CCE5EEA004B4768 /* MenuVC.swift in Sources */,
				0F9644C31CCBDB2F004B4768 /* EntryVO.swift in Sources */,
				0F9644CB1CCE3D35004B4768 /* mainVC.swift in Sources */,
				0F9644BD1CC65967004B4768 /* webAuthVC.swift in Sources */,
				0F9644A11CC64C43004B4768 /* AppDelegate.swift in Sources */,
			);
			runOnlyForDeploymentPostprocessing = 0;
		};
/* End PBXSourcesBuildPhase section */

/* Begin PBXVariantGroup section */
		0F9644A41CC64C43004B4768 /* Main.storyboard */ = {
			isa = PBXVariantGroup;
			children = (
				0F9644A51CC64C43004B4768 /* Base */,
			);
			name = Main.storyboard;
			sourceTree = "<group>";
		};
		0F9644AC1CC64C43004B4768 /* LaunchScreen.storyboard */ = {
			isa = PBXVariantGroup;
			children = (
				0F9644AD1CC64C43004B4768 /* Base */,
			);
			name = LaunchScreen.storyboard;
			sourceTree = "<group>";
		};
/* End PBXVariantGroup section */

/* Begin XCBuildConfiguration section */
		0F9644B01CC64C43004B4768 /* Debug */ = {
			isa = XCBuildConfiguration;
			buildSettings = {
				ALWAYS_SEARCH_USER_PATHS = NO;
				CLANG_CXX_LANGUAGE_STANDARD = "gnu++0x";
				CLANG_CXX_LIBRARY = "libc++";
				CLANG_ENABLE_MODULES = YES;
				CLANG_ENABLE_OBJC_ARC = YES;
				CLANG_WARN_BOOL_CONVERSION = YES;
				CLANG_WARN_CONSTANT_CONVERSION = YES;
				CLANG_WARN_DIRECT_OBJC_ISA_USAGE = YES_ERROR;
				CLANG_WARN_EMPTY_BODY = YES;
				CLANG_WARN_ENUM_CONVERSION = YES;
				CLANG_WARN_INT_CONVERSION = YES;
				CLANG_WARN_OBJC_ROOT_CLASS = YES_ERROR;
				CLANG_WARN_UNREACHABLE_CODE = YES;
				CLANG_WARN__DUPLICATE_METHOD_MATCH = YES;
				"CODE_SIGN_IDENTITY[sdk=iphoneos*]" = "iPhone Developer";
				COPY_PHASE_STRIP = NO;
				DEBUG_INFORMATION_FORMAT = dwarf;
				ENABLE_STRICT_OBJC_MSGSEND = YES;
				ENABLE_TESTABILITY = YES;
				GCC_C_LANGUAGE_STANDARD = gnu99;
				GCC_DYNAMIC_NO_PIC = NO;
				GCC_NO_COMMON_BLOCKS = YES;
				GCC_OPTIMIZATION_LEVEL = 0;
				GCC_PREPROCESSOR_DEFINITIONS = (
					"DEBUG=1",
					"$(inherited)",
				);
				GCC_WARN_64_TO_32_BIT_CONVERSION = YES;
				GCC_WARN_ABOUT_RETURN_TYPE = YES_ERROR;
				GCC_WARN_UNDECLARED_SELECTOR = YES;
				GCC_WARN_UNINITIALIZED_AUTOS = YES_AGGRESSIVE;
				GCC_WARN_UNUSED_FUNCTION = YES;
				GCC_WARN_UNUSED_VARIABLE = YES;
				IPHONEOS_DEPLOYMENT_TARGET = 9.2;
				MTL_ENABLE_DEBUG_INFO = YES;
				ONLY_ACTIVE_ARCH = YES;
				SDKROOT = iphoneos;
				SWIFT_OPTIMIZATION_LEVEL = "-Onone";
			};
			name = Debug;
		};
		0F9644B11CC64C43004B4768 /* Release */ = {
			isa = XCBuildConfiguration;
			buildSettings = {
				ALWAYS_SEARCH_USER_PATHS = NO;
				CLANG_CXX_LANGUAGE_STANDARD = "gnu++0x";
				CLANG_CXX_LIBRARY = "libc++";
				CLANG_ENABLE_MODULES = YES;
				CLANG_ENABLE_OBJC_ARC = YES;
				CLANG_WARN_BOOL_CONVERSION = YES;
				CLANG_WARN_CONSTANT_CONVERSION = YES;
				CLANG_WARN_DIRECT_OBJC_ISA_USAGE = YES_ERROR;
				CLANG_WARN_EMPTY_BODY = YES;
				CLANG_WARN_ENUM_CONVERSION = YES;
				CLANG_WARN_INT_CONVERSION = YES;
				CLANG_WARN_OBJC_ROOT_CLASS = YES_ERROR;
				CLANG_WARN_UNREACHABLE_CODE = YES;
				CLANG_WARN__DUPLICATE_METHOD_MATCH = YES;
				"CODE_SIGN_IDENTITY[sdk=iphoneos*]" = "iPhone Developer";
				COPY_PHASE_STRIP = NO;
				DEBUG_INFORMATION_FORMAT = "dwarf-with-dsym";
				ENABLE_NS_ASSERTIONS = NO;
				ENABLE_STRICT_OBJC_MSGSEND = YES;
				GCC_C_LANGUAGE_STANDARD = gnu99;
				GCC_NO_COMMON_BLOCKS = YES;
				GCC_WARN_64_TO_32_BIT_CONVERSION = YES;
				GCC_WARN_ABOUT_RETURN_TYPE = YES_ERROR;
				GCC_WARN_UNDECLARED_SELECTOR = YES;
				GCC_WARN_UNINITIALIZED_AUTOS = YES_AGGRESSIVE;
				GCC_WARN_UNUSED_FUNCTION = YES;
				GCC_WARN_UNUSED_VARIABLE = YES;
				IPHONEOS_DEPLOYMENT_TARGET = 9.2;
				MTL_ENABLE_DEBUG_INFO = NO;
				SDKROOT = iphoneos;
				VALIDATE_PRODUCT = YES;
			};
			name = Release;
		};
		0F9644B31CC64C44004B4768 /* Debug */ = {
			isa = XCBuildConfiguration;
			buildSettings = {
				ASSETCATALOG_COMPILER_APPICON_NAME = AppIcon;
				CODE_SIGN_IDENTITY = "iPhone Developer";
				INFOPLIST_FILE = whooing_ios_app/Info.plist;
				LD_RUNPATH_SEARCH_PATHS = "$(inherited) @executable_path/Frameworks";
				LIBRARY_SEARCH_PATHS = (
					"$(SDKROOT)/usr/lib/system",
					"$(inherited)",
				);
				PRODUCT_BUNDLE_IDENTIFIER = "com.asuscomm.madigun.whooing-ios-app";
				PRODUCT_NAME = "$(TARGET_NAME)";
				SWIFT_OBJC_BRIDGING_HEADER = "Whooing-Bridging-Header.h";
			};
			name = Debug;
		};
		0F9644B41CC64C44004B4768 /* Release */ = {
			isa = XCBuildConfiguration;
			buildSettings = {
				ASSETCATALOG_COMPILER_APPICON_NAME = AppIcon;
				CODE_SIGN_IDENTITY = "iPhone Developer";
				INFOPLIST_FILE = whooing_ios_app/Info.plist;
				LD_RUNPATH_SEARCH_PATHS = "$(inherited) @executable_path/Frameworks";
				LIBRARY_SEARCH_PATHS = (
					"$(SDKROOT)/usr/lib/system",
					"$(inherited)",
				);
				PRODUCT_BUNDLE_IDENTIFIER = "com.asuscomm.madigun.whooing-ios-app";
				PRODUCT_NAME = "$(TARGET_NAME)";
				SWIFT_OBJC_BRIDGING_HEADER = "Whooing-Bridging-Header.h";
			};
			name = Release;
		};
/* End XCBuildConfiguration section */

/* Begin XCConfigurationList section */
		0F9644981CC64C43004B4768 /* Build configuration list for PBXProject "whooing_ios_app" */ = {
			isa = XCConfigurationList;
			buildConfigurations = (
				0F9644B01CC64C43004B4768 /* Debug */,
				0F9644B11CC64C43004B4768 /* Release */,
			);
			defaultConfigurationIsVisible = 0;
			defaultConfigurationName = Release;
		};
		0F9644B21CC64C44004B4768 /* Build configuration list for PBXNativeTarget "whooing_ios_app" */ = {
			isa = XCConfigurationList;
			buildConfigurations = (
				0F9644B31CC64C44004B4768 /* Debug */,
				0F9644B41CC64C44004B4768 /* Release */,
			);
			defaultConfigurationIsVisible = 0;
			defaultConfigurationName = Release;
		};
/* End XCConfigurationList section */

/* Begin XCVersionGroup section */
		0F9644A71CC64C43004B4768 /* whooing_ios_app.xcdatamodeld */ = {
			isa = XCVersionGroup;
			children = (
				0F9644A81CC64C43004B4768 /* whooing_ios_app.xcdatamodel */,
			);
			currentVersion = 0F9644A81CC64C43004B4768 /* whooing_ios_app.xcdatamodel */;
			path = whooing_ios_app.xcdatamodeld;
			sourceTree = "<group>";
			versionGroupType = wrapper.xcdatamodel;
		};
/* End XCVersionGroup section */
	};
	rootObject = 0F9644951CC64C43004B4768 /* Project object */;
}
